
Microsoft Visual Studio Solution File, Format Version 12.00
# Visual Studio Version 17
VisualStudioVersion = 17.7.34009.444
MinimumVisualStudioVersion = 10.0.40219.1
Project("{FAE04EC0-301F-11D3-BF4B-00C04F79EFBC}") = "EcommerceFashionWebsite", "EcommerceFashionWebsite\EcommerceFashionWebsite.csproj", "{30086BC2-E002-42D8-A3F2-4C6FE97C6A2C}"
EndProject
Global
	GlobalSection(SolutionConfigurationPlatforms) = preSolution
		Debug|Any CPU = Debug|Any CPU
		Release|Any CPU = Release|Any CPU
	EndGlobalSection
	GlobalSection(ProjectConfigurationPlatforms) = postSolution
		{30086BC2-E002-42D8-A3F2-4C6FE97C6A2C}.Debug|Any CPU.ActiveCfg = Debug|Any CPU
		{30086BC2-E002-42D8-A3F2-4C6FE97C6A2C}.Debug|Any CPU.Build.0 = Debug|Any CPU
		{30086BC2-E002-42D8-A3F2-4C6FE97C6A2C}.Release|Any CPU.ActiveCfg = Release|Any CPU
		{30086BC2-E002-42D8-A3F2-4C6FE97C6A2C}.Release|Any CPU.Build.0 = Release|Any CPU
	EndGlobalSection
	GlobalSection(SolutionProperties) = preSolution
		HideSolutionNode = FALSE
	EndGlobalSection
	GlobalSection(ExtensibilityGlobals) = postSolution
		SolutionGuid = {8B43DF6F-DFAF-4D29-A8F5-B0A6AE429472}
	EndGlobalSection
EndGlobal
